
Microsoft Visual Studio Solution File, Format Version 12.00
# Visual Studio 15
VisualStudioVersion = 15.0.27703.2026
MinimumVisualStudioVersion = 10.0.40219.1
Project("{FAE04EC0-301F-11D3-BF4B-00C04F79EFBC}") = "Practica Canvas", "Practica Canvas\Practica Canvas.csproj", "{541773D4-958E-4003-ADE5-FF66AF3DAF5E}"
EndProject
Global
	GlobalSection(SolutionConfigurationPlatforms) = preSolution
		Debug|Any CPU = Debug|Any CPU
		Release|Any CPU = Release|Any CPU
	EndGlobalSection
	GlobalSection(ProjectConfigurationPlatforms) = postSolution
		{541773D4-958E-4003-ADE5-FF66AF3DAF5E}.Debug|Any CPU.ActiveCfg = Debug|Any CPU
		{541773D4-958E-4003-ADE5-FF66AF3DAF5E}.Debug|Any CPU.Build.0 = Debug|Any CPU
		{541773D4-958E-4003-ADE5-FF66AF3DAF5E}.Release|Any CPU.ActiveCfg = Release|Any CPU
		{541773D4-958E-4003-ADE5-FF66AF3DAF5E}.Release|Any CPU.Build.0 = Release|Any CPU
	EndGlobalSection
	GlobalSection(SolutionProperties) = preSolution
		HideSolutionNode = FALSE
	EndGlobalSection
	GlobalSection(ExtensibilityGlobals) = postSolution
		SolutionGuid = {30096155-F684-4B24-9C4D-60BEDAAF5870}
	EndGlobalSection
EndGlobal
